// !$*UTF8*$!
{
	archiveVersion = 1;
	classes = {
	};
	objectVersion = 55;
	objects = {

/* Begin PBXBuildFile section */
		1FD3D3EE2856037300EAB1E6 /* SwiftUIProjeApp.swift in Sources */ = {isa = PBXBuildFile; fileRef = 1FD3D3ED2856037300EAB1E6 /* SwiftUIProjeApp.swift */; };
		1FD3D3F02856037300EAB1E6 /* ContentView.swift in Sources */ = {isa = PBXBuildFile; fileRef = 1FD3D3EF2856037300EAB1E6 /* ContentView.swift */; };
		1FD3D3F22856037400EAB1E6 /* Assets.xcassets in Resources */ = {isa = PBXBuildFile; fileRef = 1FD3D3F12856037400EAB1E6 /* Assets.xcassets */; };
		1FD3D3F52856037400EAB1E6 /* Preview Assets.xcassets in Resources */ = {isa = PBXBuildFile; fileRef = 1FD3D3F42856037400EAB1E6 /* Preview Assets.xcassets */; };
		1FD3D3FC285603E300EAB1E6 /* Game.swift in Sources */ = {isa = PBXBuildFile; fileRef = 1FD3D3FB285603E300EAB1E6 /* Game.swift */; };
		1FD3D3FE28560E6E00EAB1E6 /* GameStore.swift in Sources */ = {isa = PBXBuildFile; fileRef = 1FD3D3FD28560E6E00EAB1E6 /* GameStore.swift */; };
		1FD3D400285625BF00EAB1E6 /* SwiftUIProje+Formatter.swift in Sources */ = {isa = PBXBuildFile; fileRef = 1FD3D3FF285625BF00EAB1E6 /* SwiftUIProje+Formatter.swift */; };
		1FD3D402285645AF00EAB1E6 /* Colors.xcassets in Resources */ = {isa = PBXBuildFile; fileRef = 1FD3D401285645AF00EAB1E6 /* Colors.xcassets */; };
		1FD3D4042856469A00EAB1E6 /* Color+SwiftUIProje.swift in Sources */ = {isa = PBXBuildFile; fileRef = 1FD3D4032856469A00EAB1E6 /* Color+SwiftUIProje.swift */; };
		1FD3D406285648E000EAB1E6 /* GameListItem.swift in Sources */ = {isa = PBXBuildFile; fileRef = 1FD3D405285648E000EAB1E6 /* GameListItem.swift */; };
		1FD3D40828565FE800EAB1E6 /* DetailView.swift in Sources */ = {isa = PBXBuildFile; fileRef = 1FD3D40728565FE800EAB1E6 /* DetailView.swift */; };
/* End PBXBuildFile section */

/* Begin PBXFileReference section */
		1FD3D3EA2856037300EAB1E6 /* SwiftUIProje.app */ = {isa = PBXFileReference; explicitFileType = wrapper.application; includeInIndex = 0; path = SwiftUIProje.app; sourceTree = BUILT_PRODUCTS_DIR; };
		1FD3D3ED2856037300EAB1E6 /* SwiftUIProjeApp.swift */ = {isa = PBXFileReference; lastKnownFileType = sourcecode.swift; path = SwiftUIProjeApp.swift; sourceTree = "<group>"; };
		1FD3D3EF2856037300EAB1E6 /* ContentView.swift */ = {isa = PBXFileReference; lastKnownFileType = sourcecode.swift; path = ContentView.swift; sourceTree = "<group>"; };
		1FD3D3F12856037400EAB1E6 /* Assets.xcassets */ = {isa = PBXFileReference; lastKnownFileType = folder.assetcatalog; path = Assets.xcassets; sourceTree = "<group>"; };
		1FD3D3F42856037400EAB1E6 /* Preview Assets.xcassets */ = {isa = PBXFileReference; lastKnownFileType = folder.assetcatalog; path = "Preview Assets.xcassets"; sourceTree = "<group>"; };
		1FD3D3FB285603E300EAB1E6 /* Game.swift */ = {isa = PBXFileReference; lastKnownFileType = sourcecode.swift; path = Game.swift; sourceTree = "<group>"; };
		1FD3D3FD28560E6E00EAB1E6 /* GameStore.swift */ = {isa = PBXFileReference; lastKnownFileType = sourcecode.swift; path = GameStore.swift; sourceTree = "<group>"; };
		1FD3D3FF285625BF00EAB1E6 /* SwiftUIProje+Formatter.swift */ = {isa = PBXFileReference; lastKnownFileType = sourcecode.swift; path = "SwiftUIProje+Formatter.swift"; sourceTree = "<group>"; };
		1FD3D401285645AF00EAB1E6 /* Colors.xcassets */ = {isa = PBXFileReference; lastKnownFileType = folder.assetcatalog; path = Colors.xcassets; sourceTree = "<group>"; };
		1FD3D4032856469A00EAB1E6 /* Color+SwiftUIProje.swift */ = {isa = PBXFileReference; lastKnownFileType = sourcecode.swift; path = "Color+SwiftUIProje.swift"; sourceTree = "<group>"; };
		1FD3D405285648E000EAB1E6 /* GameListItem.swift */ = {isa = PBXFileReference; lastKnownFileType = sourcecode.swift; path = GameListItem.swift; sourceTree = "<group>"; };
		1FD3D40728565FE800EAB1E6 /* DetailView.swift */ = {isa = PBXFileReference; lastKnownFileType = sourcecode.swift; path = DetailView.swift; sourceTree = "<group>"; };
/* End PBXFileReference section */

/* Begin PBXFrameworksBuildPhase section */
		1FD3D3E72856037300EAB1E6 /* Frameworks */ = {
			isa = PBXFrameworksBuildPhase;
			buildActionMask = 2147483647;
			files = (
			);
			runOnlyForDeploymentPostprocessing = 0;
		};
/* End PBXFrameworksBuildPhase section */

/* Begin PBXGroup section */
		1FD3D3E12856037300EAB1E6 = {
			isa = PBXGroup;
			children = (
				1FD3D3EC2856037300EAB1E6 /* SwiftUIProje */,
				1FD3D3EB2856037300EAB1E6 /* Products */,
			);
			sourceTree = "<group>";
		};
		1FD3D3EB2856037300EAB1E6 /* Products */ = {
			isa = PBXGroup;
			children = (
				1FD3D3EA2856037300EAB1E6 /* SwiftUIProje.app */,
			);
			name = Products;
			sourceTree = "<group>";
		};
		1FD3D3EC2856037300EAB1E6 /* SwiftUIProje */ = {
			isa = PBXGroup;
			children = (
				1FD3D3ED2856037300EAB1E6 /* SwiftUIProjeApp.swift */,
				1FD3D3EF2856037300EAB1E6 /* ContentView.swift */,
				1FD3D3F12856037400EAB1E6 /* Assets.xcassets */,
				1FD3D3F32856037400EAB1E6 /* Preview Content */,
				1FD3D3FB285603E300EAB1E6 /* Game.swift */,
				1FD3D3FD28560E6E00EAB1E6 /* GameStore.swift */,
				1FD3D401285645AF00EAB1E6 /* Colors.xcassets */,
				1FD3D3FF285625BF00EAB1E6 /* SwiftUIProje+Formatter.swift */,
				1FD3D4032856469A00EAB1E6 /* Color+SwiftUIProje.swift */,
				1FD3D405285648E000EAB1E6 /* GameListItem.swift */,
				1FD3D40728565FE800EAB1E6 /* DetailView.swift */,
			);
			path = SwiftUIProje;
			sourceTree = "<group>";
		};
		1FD3D3F32856037400EAB1E6 /* Preview Content */ = {
			isa = PBXGroup;
			children = (
				1FD3D3F42856037400EAB1E6 /* Preview Assets.xcassets */,
			);
			path = "Preview Content";
			sourceTree = "<group>";
		};
/* End PBXGroup section */

/* Begin PBXNativeTarget section */
		1FD3D3E92856037300EAB1E6 /* SwiftUIProje */ = {
			isa = PBXNativeTarget;
			buildConfigurationList = 1FD3D3F82856037400EAB1E6 /* Build configuration list for PBXNativeTarget "SwiftUIProje" */;
			buildPhases = (
				1FD3D3E62856037300EAB1E6 /* Sources */,
				1FD3D3E72856037300EAB1E6 /* Frameworks */,
				1FD3D3E82856037300EAB1E6 /* Resources */,
			);
			buildRules = (
			);
			dependencies = (
			);
			name = SwiftUIProje;
			productName = SwiftUIProje;
			productReference = 1FD3D3EA2856037300EAB1E6 /* SwiftUIProje.app */;
			productType = "com.apple.product-type.application";
		};
/* End PBXNativeTarget section */

/* Begin PBXProject section */
		1FD3D3E22856037300EAB1E6 /* Project object */ = {
			isa = PBXProject;
			attributes = {
				BuildIndependentTargetsInParallel = 1;
				LastSwiftUpdateCheck = 1320;
				LastUpgradeCheck = 1320;
				TargetAttributes = {
					1FD3D3E92856037300EAB1E6 = {
						CreatedOnToolsVersion = 13.2.1;
					};
				};
			};
			buildConfigurationList = 1FD3D3E52856037300EAB1E6 /* Build configuration list for PBXProject "SwiftUIProje" */;
			compatibilityVersion = "Xcode 13.0";
			developmentRegion = en;
			hasScannedForEncodings = 0;
			knownRegions = (
				en,
				Base,
			);
			mainGroup = 1FD3D3E12856037300EAB1E6;
			productRefGroup = 1FD3D3EB2856037300EAB1E6 /* Products */;
			projectDirPath = "";
			projectRoot = "";
			targets = (
				1FD3D3E92856037300EAB1E6 /* SwiftUIProje */,
			);
		};
/* End PBXProject section */

/* Begin PBXResourcesBuildPhase section */
		1FD3D3E82856037300EAB1E6 /* Resources */ = {
			isa = PBXResourcesBuildPhase;
			buildActionMask = 2147483647;
			files = (
				1FD3D402285645AF00EAB1E6 /* Colors.xcassets in Resources */,
				1FD3D3F52856037400EAB1E6 /* Preview Assets.xcassets in Resources */,
				1FD3D3F22856037400EAB1E6 /* Assets.xcassets in Resources */,
			);
			runOnlyForDeploymentPostprocessing = 0;
		};
/* End PBXResourcesBuildPhase section */

/* Begin PBXSourcesBuildPhase section */
		1FD3D3E62856037300EAB1E6 /* Sources */ = {
			isa = PBXSourcesBuildPhase;
			buildActionMask = 2147483647;
			files = (
				1FD3D3F02856037300EAB1E6 /* ContentView.swift in Sources */,
				1FD3D40828565FE800EAB1E6 /* DetailView.swift in Sources */,
				1FD3D3FE28560E6E00EAB1E6 /* GameStore.swift in Sources */,
				1FD3D406285648E000EAB1E6 /* GameListItem.swift in Sources */,
				1FD3D3FC285603E300EAB1E6 /* Game.swift in Sources */,
				1FD3D3EE2856037300EAB1E6 /* SwiftUIProjeApp.swift in Sources */,
				1FD3D4042856469A00EAB1E6 /* Color+SwiftUIProje.swift in Sources */,
				1FD3D400285625BF00EAB1E6 /* SwiftUIProje+Formatter.swift in Sources */,
			);
			runOnlyForDeploymentPostprocessing = 0;
		};
/* End PBXSourcesBuildPhase section */

/* Begin XCBuildConfiguration section */
		1FD3D3F62856037400EAB1E6 /* Debug */ = {
			isa = XCBuildConfiguration;
			buildSettings = {
				ALWAYS_SEARCH_USER_PATHS = NO;
				CLANG_ANALYZER_NONNULL = YES;
				CLANG_ANALYZER_NUMBER_OBJECT_CONVERSION = YES_AGGRESSIVE;
				CLANG_CXX_LANGUAGE_STANDARD = "gnu++17";
				CLANG_CXX_LIBRARY = "libc++";
				CLANG_ENABLE_MODULES = YES;
				CLANG_ENABLE_OBJC_ARC = YES;
				CLANG_ENABLE_OBJC_WEAK = YES;
				CLANG_WARN_BLOCK_CAPTURE_AUTORELEASING = YES;
				CLANG_WARN_BOOL_CONVERSION = YES;
				CLANG_WARN_COMMA = YES;
				CLANG_WARN_CONSTANT_CONVERSION = YES;
				CLANG_WARN_DEPRECATED_OBJC_IMPLEMENTATIONS = YES;
				CLANG_WARN_DIRECT_OBJC_ISA_USAGE = YES_ERROR;
				CLANG_WARN_DOCUMENTATION_COMMENTS = YES;
				CLANG_WARN_EMPTY_BODY = YES;
				CLANG_WARN_ENUM_CONVERSION = YES;
				CLANG_WARN_INFINITE_RECURSION = YES;
				CLANG_WARN_INT_CONVERSION = YES;
				CLANG_WARN_NON_LITERAL_NULL_CONVERSION = YES;
				CLANG_WARN_OBJC_IMPLICIT_RETAIN_SELF = YES;
				CLANG_WARN_OBJC_LITERAL_CONVERSION = YES;
				CLANG_WARN_OBJC_ROOT_CLASS = YES_ERROR;
				CLANG_WARN_QUOTED_INCLUDE_IN_FRAMEWORK_HEADER = YES;
				CLANG_WARN_RANGE_LOOP_ANALYSIS = YES;
				CLANG_WARN_STRICT_PROTOTYPES = YES;
				CLANG_WARN_SUSPICIOUS_MOVE = YES;
				CLANG_WARN_UNGUARDED_AVAILABILITY = YES_AGGRESSIVE;
				CLANG_WARN_UNREACHABLE_CODE = YES;
				CLANG_WARN__DUPLICATE_METHOD_MATCH = YES;
				COPY_PHASE_STRIP = NO;
				DEBUG_INFORMATION_FORMAT = dwarf;
				ENABLE_STRICT_OBJC_MSGSEND = YES;
				ENABLE_TESTABILITY = YES;
				GCC_C_LANGUAGE_STANDARD = gnu11;
				GCC_DYNAMIC_NO_PIC = NO;
				GCC_NO_COMMON_BLOCKS = YES;
				GCC_OPTIMIZATION_LEVEL = 0;
				GCC_PREPROCESSOR_DEFINITIONS = (
					"DEBUG=1",
					"$(inherited)",
				);
				GCC_WARN_64_TO_32_BIT_CONVERSION = YES;
				GCC_WARN_ABOUT_RETURN_TYPE = YES_ERROR;
				GCC_WARN_UNDECLARED_SELECTOR = YES;
				GCC_WARN_UNINITIALIZED_AUTOS = YES_AGGRESSIVE;
				GCC_WARN_UNUSED_FUNCTION = YES;
				GCC_WARN_UNUSED_VARIABLE = YES;
				IPHONEOS_DEPLOYMENT_TARGET = 15.2;
				MTL_ENABLE_DEBUG_INFO = INCLUDE_SOURCE;
				MTL_FAST_MATH = YES;
				ONLY_ACTIVE_ARCH = YES;
				SDKROOT = iphoneos;
				SWIFT_ACTIVE_COMPILATION_CONDITIONS = DEBUG;
				SWIFT_OPTIMIZATION_LEVEL = "-Onone";
			};
			name = Debug;
		};
		1FD3D3F72856037400EAB1E6 /* Release */ = {
			isa = XCBuildConfiguration;
			buildSettings = {
				ALWAYS_SEARCH_USER_PATHS = NO;
				CLANG_ANALYZER_NONNULL = YES;
				CLANG_ANALYZER_NUMBER_OBJECT_CONVERSION = YES_AGGRESSIVE;
				CLANG_CXX_LANGUAGE_STANDARD = "gnu++17";
				CLANG_CXX_LIBRARY = "libc++";
				CLANG_ENABLE_MODULES = YES;
				CLANG_ENABLE_OBJC_ARC = YES;
				CLANG_ENABLE_OBJC_WEAK = YES;
				CLANG_WARN_BLOCK_CAPTURE_AUTORELEASING = YES;
				CLANG_WARN_BOOL_CONVERSION = YES;
				CLANG_WARN_COMMA = YES;
				CLANG_WARN_CONSTANT_CONVERSION = YES;
				CLANG_WARN_DEPRECATED_OBJC_IMPLEMENTATIONS = YES;
				CLANG_WARN_DIRECT_OBJC_ISA_USAGE = YES_ERROR;
				CLANG_WARN_DOCUMENTATION_COMMENTS = YES;
				CLANG_WARN_EMPTY_BODY = YES;
				CLANG_WARN_ENUM_CONVERSION = YES;
				CLANG_WARN_INFINITE_RECURSION = YES;
				CLANG_WARN_INT_CONVERSION = YES;
				CLANG_WARN_NON_LITERAL_NULL_CONVERSION = YES;
				CLANG_WARN_OBJC_IMPLICIT_RETAIN_SELF = YES;
				CLANG_WARN_OBJC_LITERAL_CONVERSION = YES;
				CLANG_WARN_OBJC_ROOT_CLASS = YES_ERROR;
				CLANG_WARN_QUOTED_INCLUDE_IN_FRAMEWORK_HEADER = YES;
				CLANG_WARN_RANGE_LOOP_ANALYSIS = YES;
				CLANG_WARN_STRICT_PROTOTYPES = YES;
				CLANG_WARN_SUSPICIOUS_MOVE = YES;
				CLANG_WARN_UNGUARDED_AVAILABILITY = YES_AGGRESSIVE;
				CLANG_WARN_UNREACHABLE_CODE = YES;
				CLANG_WARN__DUPLICATE_METHOD_MATCH = YES;
				COPY_PHASE_STRIP = NO;
				DEBUG_INFORMATION_FORMAT = "dwarf-with-dsym";
				ENABLE_NS_ASSERTIONS = NO;
				ENABLE_STRICT_OBJC_MSGSEND = YES;
				GCC_C_LANGUAGE_STANDARD = gnu11;
				GCC_NO_COMMON_BLOCKS = YES;
				GCC_WARN_64_TO_32_BIT_CONVERSION = YES;
				GCC_WARN_ABOUT_RETURN_TYPE = YES_ERROR;
				GCC_WARN_UNDECLARED_SELECTOR = YES;
				GCC_WARN_UNINITIALIZED_AUTOS = YES_AGGRESSIVE;
				GCC_WARN_UNUSED_FUNCTION = YES;
				GCC_WARN_UNUSED_VARIABLE = YES;
				IPHONEOS_DEPLOYMENT_TARGET = 15.2;
				MTL_ENABLE_DEBUG_INFO = NO;
				MTL_FAST_MATH = YES;
				SDKROOT = iphoneos;
				SWIFT_COMPILATION_MODE = wholemodule;
				SWIFT_OPTIMIZATION_LEVEL = "-O";
				VALIDATE_PRODUCT = YES;
			};
			name = Release;
		};
		1FD3D3F92856037400EAB1E6 /* Debug */ = {
			isa = XCBuildConfiguration;
			buildSettings = {
				ASSETCATALOG_COMPILER_APPICON_NAME = AppIcon;
				ASSETCATALOG_COMPILER_GLOBAL_ACCENT_COLOR_NAME = AccentColor;
				CODE_SIGN_STYLE = Automatic;
				CURRENT_PROJECT_VERSION = 1;
				DEVELOPMENT_ASSET_PATHS = "\"SwiftUIProje/Preview Content\"";
				ENABLE_PREVIEWS = YES;
				GENERATE_INFOPLIST_FILE = YES;
				INFOPLIST_KEY_UIApplicationSceneManifest_Generation = YES;
				INFOPLIST_KEY_UIApplicationSupportsIndirectInputEvents = YES;
				INFOPLIST_KEY_UILaunchScreen_Generation = YES;
				INFOPLIST_KEY_UISupportedInterfaceOrientations_iPad = "UIInterfaceOrientationPortrait UIInterfaceOrientationPortraitUpsideDown UIInterfaceOrientationLandscapeLeft UIInterfaceOrientationLandscapeRight";
				INFOPLIST_KEY_UISupportedInterfaceOrientations_iPhone = "UIInterfaceOrientationPortrait UIInterfaceOrientationLandscapeLeft UIInterfaceOrientationLandscapeRight";
				LD_RUNPATH_SEARCH_PATHS = (
					"$(inherited)",
					"@executable_path/Frameworks",
				);
				MARKETING_VERSION = 1.0;
				PRODUCT_BUNDLE_IDENTIFIER = com.busranurok.SwiftUIProje;
				PRODUCT_NAME = "$(TARGET_NAME)";
				SWIFT_EMIT_LOC_STRINGS = YES;
				SWIFT_VERSION = 5.0;
				TARGETED_DEVICE_FAMILY = "1,2";
			};
			name = Debug;
		};
		1FD3D3FA2856037400EAB1E6 /* Release */ = {
			isa = XCBuildConfiguration;
			buildSettings = {
				ASSETCATALOG_COMPILER_APPICON_NAME = AppIcon;
				ASSETCATALOG_COMPILER_GLOBAL_ACCENT_COLOR_NAME = AccentColor;
				CODE_SIGN_STYLE = Automatic;
				CURRENT_PROJECT_VERSION = 1;
				DEVELOPMENT_ASSET_PATHS = "\"SwiftUIProje/Preview Content\"";
				ENABLE_PREVIEWS = YES;
				GENERATE_INFOPLIST_FILE = YES;
				INFOPLIST_KEY_UIApplicationSceneManifest_Generation = YES;
				INFOPLIST_KEY_UIApplicationSupportsIndirectInputEvents = YES;
				INFOPLIST_KEY_UILaunchScreen_Generation = YES;
				INFOPLIST_KEY_UISupportedInterfaceOrientations_iPad = "UIInterfaceOrientationPortrait UIInterfaceOrientationPortraitUpsideDown UIInterfaceOrientationLandscapeLeft UIInterfaceOrientationLandscapeRight";
				INFOPLIST_KEY_UISupportedInterfaceOrientations_iPhone = "UIInterfaceOrientationPortrait UIInterfaceOrientationLandscapeLeft UIInterfaceOrientationLandscapeRight";
				LD_RUNPATH_SEARCH_PATHS = (
					"$(inherited)",
					"@executable_path/Frameworks",
				);
				MARKETING_VERSION = 1.0;
				PRODUCT_BUNDLE_IDENTIFIER = com.busranurok.SwiftUIProje;
				PRODUCT_NAME = "$(TARGET_NAME)";
				SWIFT_EMIT_LOC_STRINGS = YES;
				SWIFT_VERSION = 5.0;
				TARGETED_DEVICE_FAMILY = "1,2";
			};
			name = Release;
		};
/* End XCBuildConfiguration section */

/* Begin XCConfigurationList section */
		1FD3D3E52856037300EAB1E6 /* Build configuration list for PBXProject "SwiftUIProje" */ = {
			isa = XCConfigurationList;
			buildConfigurations = (
				1FD3D3F62856037400EAB1E6 /* Debug */,
				1FD3D3F72856037400EAB1E6 /* Release */,
			);
			defaultConfigurationIsVisible = 0;
			defaultConfigurationName = Release;
		};
		1FD3D3F82856037400EAB1E6 /* Build configuration list for PBXNativeTarget "SwiftUIProje" */ = {
			isa = XCConfigurationList;
			buildConfigurations = (
				1FD3D3F92856037400EAB1E6 /* Debug */,
				1FD3D3FA2856037400EAB1E6 /* Release */,
			);
			defaultConfigurationIsVisible = 0;
			defaultConfigurationName = Release;
		};
/* End XCConfigurationList section */
	};
	rootObject = 1FD3D3E22856037300EAB1E6 /* Project object */;
}
